
Microsoft Visual Studio Solution File, Format Version 12.00
# Visual Studio 14
VisualStudioVersion = 14.0.24720.0
MinimumVisualStudioVersion = 10.0.40219.1
Project("{FAE04EC0-301F-11D3-BF4B-00C04F79EFBC}") = "WCFLabb2CalcDays", "WCFLabb2CalcDays\WCFLabb2CalcDays.csproj", "{108F91F1-EF90-4106-818F-C905DF8975F9}"
EndProject
Project("{FAE04EC0-301F-11D3-BF4B-00C04F79EFBC}") = "ServiceCalcing", "ServiceCalcing\ServiceCalcing.csproj", "{2F67B800-4CA8-4B5D-9F5C-25C6CF5DD333}"
EndProject
Global
	GlobalSection(SolutionConfigurationPlatforms) = preSolution
		Debug|Any CPU = Debug|Any CPU
		Release|Any CPU = Release|Any CPU
	EndGlobalSection
	GlobalSection(ProjectConfigurationPlatforms) = postSolution
		{108F91F1-EF90-4106-818F-C905DF8975F9}.Debug|Any CPU.ActiveCfg = Debug|Any CPU
		{108F91F1-EF90-4106-818F-C905DF8975F9}.Debug|Any CPU.Build.0 = Debug|Any CPU
		{108F91F1-EF90-4106-818F-C905DF8975F9}.Release|Any CPU.ActiveCfg = Release|Any CPU
		{108F91F1-EF90-4106-818F-C905DF8975F9}.Release|Any CPU.Build.0 = Release|Any CPU
		{2F67B800-4CA8-4B5D-9F5C-25C6CF5DD333}.Debug|Any CPU.ActiveCfg = Debug|Any CPU
		{2F67B800-4CA8-4B5D-9F5C-25C6CF5DD333}.Debug|Any CPU.Build.0 = Debug|Any CPU
		{2F67B800-4CA8-4B5D-9F5C-25C6CF5DD333}.Release|Any CPU.ActiveCfg = Release|Any CPU
		{2F67B800-4CA8-4B5D-9F5C-25C6CF5DD333}.Release|Any CPU.Build.0 = Release|Any CPU
	EndGlobalSection
	GlobalSection(SolutionProperties) = preSolution
		HideSolutionNode = FALSE
	EndGlobalSection
EndGlobal
